
Microsoft Visual Studio Solution File, Format Version 12.00
# Visual Studio Version 17
VisualStudioVersion = 17.3.32929.385
MinimumVisualStudioVersion = 10.0.40219.1
Project("{FAE04EC0-301F-11D3-BF4B-00C04F79EFBC}") = "Tour", "Tour\Tour.csproj", "{541B1CD6-C139-4FB3-A095-CEECD58647CA}"
EndProject
Global
	GlobalSection(SolutionConfigurationPlatforms) = preSolution
		Debug|Any CPU = Debug|Any CPU
		Release|Any CPU = Release|Any CPU
	EndGlobalSection
	GlobalSection(ProjectConfigurationPlatforms) = postSolution
		{541B1CD6-C139-4FB3-A095-CEECD58647CA}.Debug|Any CPU.ActiveCfg = Debug|Any CPU
		{541B1CD6-C139-4FB3-A095-CEECD58647CA}.Debug|Any CPU.Build.0 = Debug|Any CPU
		{541B1CD6-C139-4FB3-A095-CEECD58647CA}.Release|Any CPU.ActiveCfg = Release|Any CPU
		{541B1CD6-C139-4FB3-A095-CEECD58647CA}.Release|Any CPU.Build.0 = Release|Any CPU
	EndGlobalSection
	GlobalSection(SolutionProperties) = preSolution
		HideSolutionNode = FALSE
	EndGlobalSection
	GlobalSection(ExtensibilityGlobals) = postSolution
		SolutionGuid = {0152BAC9-DBBB-4917-904D-8B697D1693ED}
	EndGlobalSection
EndGlobal
